{
  "nodes": {
    "nixpkgs": {
      "locked": {
        "lastModified": 1743046730,
        "narHash": "sha256-3ON6kKBQ4pz/IVZylcbw28K/Jm5cym4V/Z+VmPzR9/4=",
        "owner": "nixos",
        "repo": "nixpkgs",
        "rev": "67545051fd77a131ebab477fbf2bb4d9473edd35",
        "type": "github"
      },
      "original": {
        "owner": "nixos",
        "ref": "release-24.11",
        "repo": "nixpkgs",
        "type": "github"
      }
    },
    "root": {
      "inputs": {
        "nixpkgs": "nixpkgs"
      }
    }
  },
  "root": "root",
  "version": 7
}
